
Microsoft Visual Studio Solution File, Format Version 12.00
# Visual Studio 15
VisualStudioVersion = 15.0.28307.438
MinimumVisualStudioVersion = 10.0.40219.1
Project("{888888A0-9F3D-457C-B088-3A5042F75D52}") = "SimpleGOB", "SimpleGOB\SimpleGOB.pyproj", "{680BDF42-2A34-49FF-A8D6-4AE697451603}"
EndProject
Global
	GlobalSection(SolutionConfigurationPlatforms) = preSolution
		Debug|Any CPU = Debug|Any CPU
		Release|Any CPU = Release|Any CPU
	EndGlobalSection
	GlobalSection(ProjectConfigurationPlatforms) = postSolution
		{680BDF42-2A34-49FF-A8D6-4AE697451603}.Debug|Any CPU.ActiveCfg = Debug|Any CPU
		{680BDF42-2A34-49FF-A8D6-4AE697451603}.Release|Any CPU.ActiveCfg = Release|Any CPU
	EndGlobalSection
	GlobalSection(SolutionProperties) = preSolution
		HideSolutionNode = FALSE
	EndGlobalSection
	GlobalSection(ExtensibilityGlobals) = postSolution
		SolutionGuid = {7EC48C47-AE3B-4A08-95D1-9711BCD0593D}
	EndGlobalSection
EndGlobal
